{
  "name": "LZMA_Itty.bitty_Demo",
  "lockfileVersion": 3,
  "requires": true,
  "packages": {
    "": {
      "dependencies": {
        "lzma-purejs": "^0.9.3"
      }
    },
    "node_modules/amdefine": {
      "version": "0.1.1",
      "resolved": "https://registry.npmmirror.com/amdefine/-/amdefine-0.1.1.tgz",
      "integrity": "sha512-cE/769sItEDt5sSdqmrWMsat+XaA5FJiEou+ZwlY7ef/Jf/517k6nYyUIRPR2o/QbpBg4FiYXj9GyRGNg5f/bg==",
      "engines": {
        "node": ">=0.4.2"
      }
    },
    "node_modules/commander": {
      "version": "2.0.0",
      "resolved": "https://registry.npmmirror.com/commander/-/commander-2.0.0.tgz",
      "integrity": "sha512-qebjpyeaA/nJ4w3EO2cV2++/zEkccPnjWogzA2rff+Lk8ILI75vULeTmyd4wPxWdKwtP3J+G39IXVZadh0UHyw==",
      "engines": {
        "node": ">= 0.6.x"
      }
    },
    "node_modules/lzma-purejs": {
      "version": "0.9.3",
      "resolved": "https://registry.npmmirror.com/lzma-purejs/-/lzma-purejs-0.9.3.tgz",
      "integrity": "sha512-6VPTP6dEwoEeXYxK9/9ZsUH8zD/lGdTCKenEv2C4mrZkp111CttGYVVrLTcCY6BM+dnADTMrARnG8PZQctJUeg==",
      "dependencies": {
        "amdefine": "~0.1.0",
        "commander": "~2.0.0"
      },
      "bin": {
        "lzmajs": "bin/lzmajs"
      }
    }
  }
}
